// !$*UTF8*$!
{
	archiveVersion = 1;
	classes = {
	};
	objectVersion = 50;
	objects = {

/* Begin PBXBuildFile section */
		778931CD2500114B00E8D7D2 /* AppDelegate.swift in Sources */ = {isa = PBXBuildFile; fileRef = 778931CC2500114B00E8D7D2 /* AppDelegate.swift */; };
		778931CF2500114B00E8D7D2 /* SceneDelegate.swift in Sources */ = {isa = PBXBuildFile; fileRef = 778931CE2500114B00E8D7D2 /* SceneDelegate.swift */; };
		778931D42500114B00E8D7D2 /* Main.storyboard in Resources */ = {isa = PBXBuildFile; fileRef = 778931D22500114B00E8D7D2 /* Main.storyboard */; };
		778931D62500114D00E8D7D2 /* Assets.xcassets in Resources */ = {isa = PBXBuildFile; fileRef = 778931D52500114D00E8D7D2 /* Assets.xcassets */; };
		778931D92500114D00E8D7D2 /* LaunchScreen.storyboard in Resources */ = {isa = PBXBuildFile; fileRef = 778931D72500114D00E8D7D2 /* LaunchScreen.storyboard */; };
		778931E1250016DD00E8D7D2 /* MovieListTableViewController.swift in Sources */ = {isa = PBXBuildFile; fileRef = 778931E0250016DD00E8D7D2 /* MovieListTableViewController.swift */; };
		778931E3250017AF00E8D7D2 /* DetailViewController.swift in Sources */ = {isa = PBXBuildFile; fileRef = 778931E2250017AF00E8D7D2 /* DetailViewController.swift */; };
		778931E9250032F800E8D7D2 /* Movie.swift in Sources */ = {isa = PBXBuildFile; fileRef = 778931E8250032F800E8D7D2 /* Movie.swift */; };
		778931EC250034A400E8D7D2 /* DataManeger.swift in Sources */ = {isa = PBXBuildFile; fileRef = 778931EB250034A400E8D7D2 /* DataManeger.swift */; };
/* End PBXBuildFile section */

/* Begin PBXFileReference section */
		778931C92500114B00E8D7D2 /* MovieList.app */ = {isa = PBXFileReference; explicitFileType = wrapper.application; includeInIndex = 0; path = MovieList.app; sourceTree = BUILT_PRODUCTS_DIR; };
		778931CC2500114B00E8D7D2 /* AppDelegate.swift */ = {isa = PBXFileReference; lastKnownFileType = sourcecode.swift; path = AppDelegate.swift; sourceTree = "<group>"; };
		778931CE2500114B00E8D7D2 /* SceneDelegate.swift */ = {isa = PBXFileReference; lastKnownFileType = sourcecode.swift; path = SceneDelegate.swift; sourceTree = "<group>"; };
		778931D32500114B00E8D7D2 /* Base */ = {isa = PBXFileReference; lastKnownFileType = file.storyboard; name = Base; path = Base.lproj/Main.storyboard; sourceTree = "<group>"; };
		778931D52500114D00E8D7D2 /* Assets.xcassets */ = {isa = PBXFileReference; lastKnownFileType = folder.assetcatalog; path = Assets.xcassets; sourceTree = "<group>"; };
		778931D82500114D00E8D7D2 /* Base */ = {isa = PBXFileReference; lastKnownFileType = file.storyboard; name = Base; path = Base.lproj/LaunchScreen.storyboard; sourceTree = "<group>"; };
		778931DA2500114D00E8D7D2 /* Info.plist */ = {isa = PBXFileReference; lastKnownFileType = text.plist.xml; path = Info.plist; sourceTree = "<group>"; };
		778931E0250016DD00E8D7D2 /* MovieListTableViewController.swift */ = {isa = PBXFileReference; lastKnownFileType = sourcecode.swift; path = MovieListTableViewController.swift; sourceTree = "<group>"; };
		778931E2250017AF00E8D7D2 /* DetailViewController.swift */ = {isa = PBXFileReference; lastKnownFileType = sourcecode.swift; path = DetailViewController.swift; sourceTree = "<group>"; };
		778931E8250032F800E8D7D2 /* Movie.swift */ = {isa = PBXFileReference; lastKnownFileType = sourcecode.swift; path = Movie.swift; sourceTree = "<group>"; };
		778931EB250034A400E8D7D2 /* DataManeger.swift */ = {isa = PBXFileReference; lastKnownFileType = sourcecode.swift; path = DataManeger.swift; sourceTree = "<group>"; };
/* End PBXFileReference section */

/* Begin PBXFrameworksBuildPhase section */
		778931C62500114B00E8D7D2 /* Frameworks */ = {
			isa = PBXFrameworksBuildPhase;
			buildActionMask = 2147483647;
			files = (
			);
			runOnlyForDeploymentPostprocessing = 0;
		};
/* End PBXFrameworksBuildPhase section */

/* Begin PBXGroup section */
		778931C02500114B00E8D7D2 = {
			isa = PBXGroup;
			children = (
				778931CB2500114B00E8D7D2 /* MovieList */,
				778931CA2500114B00E8D7D2 /* Products */,
			);
			sourceTree = "<group>";
		};
		778931CA2500114B00E8D7D2 /* Products */ = {
			isa = PBXGroup;
			children = (
				778931C92500114B00E8D7D2 /* MovieList.app */,
			);
			name = Products;
			sourceTree = "<group>";
		};
		778931CB2500114B00E8D7D2 /* MovieList */ = {
			isa = PBXGroup;
			children = (
				778931EA2500346E00E8D7D2 /* DataManager */,
				778931E72500324700E8D7D2 /* Model */,
				778931E4250031ED00E8D7D2 /* Delegate */,
				778931E52500320A00E8D7D2 /* View */,
				778931E62500322600E8D7D2 /* Controller */,
				778931D52500114D00E8D7D2 /* Assets.xcassets */,
				778931DA2500114D00E8D7D2 /* Info.plist */,
			);
			path = MovieList;
			sourceTree = "<group>";
		};
		778931E4250031ED00E8D7D2 /* Delegate */ = {
			isa = PBXGroup;
			children = (
				778931CC2500114B00E8D7D2 /* AppDelegate.swift */,
				778931CE2500114B00E8D7D2 /* SceneDelegate.swift */,
			);
			path = Delegate;
			sourceTree = "<group>";
		};
		778931E52500320A00E8D7D2 /* View */ = {
			isa = PBXGroup;
			children = (
				778931D72500114D00E8D7D2 /* LaunchScreen.storyboard */,
				778931D22500114B00E8D7D2 /* Main.storyboard */,
			);
			path = View;
			sourceTree = "<group>";
		};
		778931E62500322600E8D7D2 /* Controller */ = {
			isa = PBXGroup;
			children = (
				778931E2250017AF00E8D7D2 /* DetailViewController.swift */,
				778931E0250016DD00E8D7D2 /* MovieListTableViewController.swift */,
			);
			path = Controller;
			sourceTree = "<group>";
		};
		778931E72500324700E8D7D2 /* Model */ = {
			isa = PBXGroup;
			children = (
				778931E8250032F800E8D7D2 /* Movie.swift */,
			);
			path = Model;
			sourceTree = "<group>";
		};
		778931EA2500346E00E8D7D2 /* DataManager */ = {
			isa = PBXGroup;
			children = (
				778931EB250034A400E8D7D2 /* DataManeger.swift */,
			);
			path = DataManager;
			sourceTree = "<group>";
		};
/* End PBXGroup section */

/* Begin PBXNativeTarget section */
		778931C82500114B00E8D7D2 /* MovieList */ = {
			isa = PBXNativeTarget;
			buildConfigurationList = 778931DD2500114D00E8D7D2 /* Build configuration list for PBXNativeTarget "MovieList" */;
			buildPhases = (
				778931C52500114B00E8D7D2 /* Sources */,
				778931C62500114B00E8D7D2 /* Frameworks */,
				778931C72500114B00E8D7D2 /* Resources */,
			);
			buildRules = (
			);
			dependencies = (
			);
			name = MovieList;
			productName = MovieList;
			productReference = 778931C92500114B00E8D7D2 /* MovieList.app */;
			productType = "com.apple.product-type.application";
		};
/* End PBXNativeTarget section */

/* Begin PBXProject section */
		778931C12500114B00E8D7D2 /* Project object */ = {
			isa = PBXProject;
			attributes = {
				LastSwiftUpdateCheck = 1170;
				LastUpgradeCheck = 1170;
				ORGANIZATIONNAME = Kisacka;
				TargetAttributes = {
					778931C82500114B00E8D7D2 = {
						CreatedOnToolsVersion = 11.7;
					};
				};
			};
			buildConfigurationList = 778931C42500114B00E8D7D2 /* Build configuration list for PBXProject "MovieList" */;
			compatibilityVersion = "Xcode 9.3";
			developmentRegion = en;
			hasScannedForEncodings = 0;
			knownRegions = (
				en,
				Base,
			);
			mainGroup = 778931C02500114B00E8D7D2;
			productRefGroup = 778931CA2500114B00E8D7D2 /* Products */;
			projectDirPath = "";
			projectRoot = "";
			targets = (
				778931C82500114B00E8D7D2 /* MovieList */,
			);
		};
/* End PBXProject section */

/* Begin PBXResourcesBuildPhase section */
		778931C72500114B00E8D7D2 /* Resources */ = {
			isa = PBXResourcesBuildPhase;
			buildActionMask = 2147483647;
			files = (
				778931D92500114D00E8D7D2 /* LaunchScreen.storyboard in Resources */,
				778931D62500114D00E8D7D2 /* Assets.xcassets in Resources */,
				778931D42500114B00E8D7D2 /* Main.storyboard in Resources */,
			);
			runOnlyForDeploymentPostprocessing = 0;
		};
/* End PBXResourcesBuildPhase section */

/* Begin PBXSourcesBuildPhase section */
		778931C52500114B00E8D7D2 /* Sources */ = {
			isa = PBXSourcesBuildPhase;
			buildActionMask = 2147483647;
			files = (
				778931E1250016DD00E8D7D2 /* MovieListTableViewController.swift in Sources */,
				778931CD2500114B00E8D7D2 /* AppDelegate.swift in Sources */,
				778931CF2500114B00E8D7D2 /* SceneDelegate.swift in Sources */,
				778931E3250017AF00E8D7D2 /* DetailViewController.swift in Sources */,
				778931E9250032F800E8D7D2 /* Movie.swift in Sources */,
				778931EC250034A400E8D7D2 /* DataManeger.swift in Sources */,
			);
			runOnlyForDeploymentPostprocessing = 0;
		};
/* End PBXSourcesBuildPhase section */

/* Begin PBXVariantGroup section */
		778931D22500114B00E8D7D2 /* Main.storyboard */ = {
			isa = PBXVariantGroup;
			children = (
				778931D32500114B00E8D7D2 /* Base */,
			);
			name = Main.storyboard;
			sourceTree = "<group>";
		};
		778931D72500114D00E8D7D2 /* LaunchScreen.storyboard */ = {
			isa = PBXVariantGroup;
			children = (
				778931D82500114D00E8D7D2 /* Base */,
			);
			name = LaunchScreen.storyboard;
			sourceTree = "<group>";
		};
/* End PBXVariantGroup section */

/* Begin XCBuildConfiguration section */
		778931DB2500114D00E8D7D2 /* Debug */ = {
			isa = XCBuildConfiguration;
			buildSettings = {
				ALWAYS_SEARCH_USER_PATHS = NO;
				CLANG_ANALYZER_NONNULL = YES;
				CLANG_ANALYZER_NUMBER_OBJECT_CONVERSION = YES_AGGRESSIVE;
				CLANG_CXX_LANGUAGE_STANDARD = "gnu++14";
				CLANG_CXX_LIBRARY = "libc++";
				CLANG_ENABLE_MODULES = YES;
				CLANG_ENABLE_OBJC_ARC = YES;
				CLANG_ENABLE_OBJC_WEAK = YES;
				CLANG_WARN_BLOCK_CAPTURE_AUTORELEASING = YES;
				CLANG_WARN_BOOL_CONVERSION = YES;
				CLANG_WARN_COMMA = YES;
				CLANG_WARN_CONSTANT_CONVERSION = YES;
				CLANG_WARN_DEPRECATED_OBJC_IMPLEMENTATIONS = YES;
				CLANG_WARN_DIRECT_OBJC_ISA_USAGE = YES_ERROR;
				CLANG_WARN_DOCUMENTATION_COMMENTS = YES;
				CLANG_WARN_EMPTY_BODY = YES;
				CLANG_WARN_ENUM_CONVERSION = YES;
				CLANG_WARN_INFINITE_RECURSION = YES;
				CLANG_WARN_INT_CONVERSION = YES;
				CLANG_WARN_NON_LITERAL_NULL_CONVERSION = YES;
				CLANG_WARN_OBJC_IMPLICIT_RETAIN_SELF = YES;
				CLANG_WARN_OBJC_LITERAL_CONVERSION = YES;
				CLANG_WARN_OBJC_ROOT_CLASS = YES_ERROR;
				CLANG_WARN_RANGE_LOOP_ANALYSIS = YES;
				CLANG_WARN_STRICT_PROTOTYPES = YES;
				CLANG_WARN_SUSPICIOUS_MOVE = YES;
				CLANG_WARN_UNGUARDED_AVAILABILITY = YES_AGGRESSIVE;
				CLANG_WARN_UNREACHABLE_CODE = YES;
				CLANG_WARN__DUPLICATE_METHOD_MATCH = YES;
				COPY_PHASE_STRIP = NO;
				DEBUG_INFORMATION_FORMAT = dwarf;
				ENABLE_STRICT_OBJC_MSGSEND = YES;
				ENABLE_TESTABILITY = YES;
				GCC_C_LANGUAGE_STANDARD = gnu11;
				GCC_DYNAMIC_NO_PIC = NO;
				GCC_NO_COMMON_BLOCKS = YES;
				GCC_OPTIMIZATION_LEVEL = 0;
				GCC_PREPROCESSOR_DEFINITIONS = (
					"DEBUG=1",
					"$(inherited)",
				);
				GCC_WARN_64_TO_32_BIT_CONVERSION = YES;
				GCC_WARN_ABOUT_RETURN_TYPE = YES_ERROR;
				GCC_WARN_UNDECLARED_SELECTOR = YES;
				GCC_WARN_UNINITIALIZED_AUTOS = YES_AGGRESSIVE;
				GCC_WARN_UNUSED_FUNCTION = YES;
				GCC_WARN_UNUSED_VARIABLE = YES;
				IPHONEOS_DEPLOYMENT_TARGET = 13.7;
				MTL_ENABLE_DEBUG_INFO = INCLUDE_SOURCE;
				MTL_FAST_MATH = YES;
				ONLY_ACTIVE_ARCH = YES;
				SDKROOT = iphoneos;
				SWIFT_ACTIVE_COMPILATION_CONDITIONS = DEBUG;
				SWIFT_OPTIMIZATION_LEVEL = "-Onone";
			};
			name = Debug;
		};
		778931DC2500114D00E8D7D2 /* Release */ = {
			isa = XCBuildConfiguration;
			buildSettings = {
				ALWAYS_SEARCH_USER_PATHS = NO;
				CLANG_ANALYZER_NONNULL = YES;
				CLANG_ANALYZER_NUMBER_OBJECT_CONVERSION = YES_AGGRESSIVE;
				CLANG_CXX_LANGUAGE_STANDARD = "gnu++14";
				CLANG_CXX_LIBRARY = "libc++";
				CLANG_ENABLE_MODULES = YES;
				CLANG_ENABLE_OBJC_ARC = YES;
				CLANG_ENABLE_OBJC_WEAK = YES;
				CLANG_WARN_BLOCK_CAPTURE_AUTORELEASING = YES;
				CLANG_WARN_BOOL_CONVERSION = YES;
				CLANG_WARN_COMMA = YES;
				CLANG_WARN_CONSTANT_CONVERSION = YES;
				CLANG_WARN_DEPRECATED_OBJC_IMPLEMENTATIONS = YES;
				CLANG_WARN_DIRECT_OBJC_ISA_USAGE = YES_ERROR;
				CLANG_WARN_DOCUMENTATION_COMMENTS = YES;
				CLANG_WARN_EMPTY_BODY = YES;
				CLANG_WARN_ENUM_CONVERSION = YES;
				CLANG_WARN_INFINITE_RECURSION = YES;
				CLANG_WARN_INT_CONVERSION = YES;
				CLANG_WARN_NON_LITERAL_NULL_CONVERSION = YES;
				CLANG_WARN_OBJC_IMPLICIT_RETAIN_SELF = YES;
				CLANG_WARN_OBJC_LITERAL_CONVERSION = YES;
				CLANG_WARN_OBJC_ROOT_CLASS = YES_ERROR;
				CLANG_WARN_RANGE_LOOP_ANALYSIS = YES;
				CLANG_WARN_STRICT_PROTOTYPES = YES;
				CLANG_WARN_SUSPICIOUS_MOVE = YES;
				CLANG_WARN_UNGUARDED_AVAILABILITY = YES_AGGRESSIVE;
				CLANG_WARN_UNREACHABLE_CODE = YES;
				CLANG_WARN__DUPLICATE_METHOD_MATCH = YES;
				COPY_PHASE_STRIP = NO;
				DEBUG_INFORMATION_FORMAT = "dwarf-with-dsym";
				ENABLE_NS_ASSERTIONS = NO;
				ENABLE_STRICT_OBJC_MSGSEND = YES;
				GCC_C_LANGUAGE_STANDARD = gnu11;
				GCC_NO_COMMON_BLOCKS = YES;
				GCC_WARN_64_TO_32_BIT_CONVERSION = YES;
				GCC_WARN_ABOUT_RETURN_TYPE = YES_ERROR;
				GCC_WARN_UNDECLARED_SELECTOR = YES;
				GCC_WARN_UNINITIALIZED_AUTOS = YES_AGGRESSIVE;
				GCC_WARN_UNUSED_FUNCTION = YES;
				GCC_WARN_UNUSED_VARIABLE = YES;
				IPHONEOS_DEPLOYMENT_TARGET = 13.7;
				MTL_ENABLE_DEBUG_INFO = NO;
				MTL_FAST_MATH = YES;
				SDKROOT = iphoneos;
				SWIFT_COMPILATION_MODE = wholemodule;
				SWIFT_OPTIMIZATION_LEVEL = "-O";
				VALIDATE_PRODUCT = YES;
			};
			name = Release;
		};
		778931DE2500114D00E8D7D2 /* Debug */ = {
			isa = XCBuildConfiguration;
			buildSettings = {
				ASSETCATALOG_COMPILER_APPICON_NAME = AppIcon;
				CODE_SIGN_STYLE = Automatic;
				INFOPLIST_FILE = MovieList/Info.plist;
				LD_RUNPATH_SEARCH_PATHS = (
					"$(inherited)",
					"@executable_path/Frameworks",
				);
				PRODUCT_BUNDLE_IDENTIFIER = lv.kisacka.MovieList;
				PRODUCT_NAME = "$(TARGET_NAME)";
				SWIFT_VERSION = 5.0;
				TARGETED_DEVICE_FAMILY = "1,2";
			};
			name = Debug;
		};
		778931DF2500114D00E8D7D2 /* Release */ = {
			isa = XCBuildConfiguration;
			buildSettings = {
				ASSETCATALOG_COMPILER_APPICON_NAME = AppIcon;
				CODE_SIGN_STYLE = Automatic;
				INFOPLIST_FILE = MovieList/Info.plist;
				LD_RUNPATH_SEARCH_PATHS = (
					"$(inherited)",
					"@executable_path/Frameworks",
				);
				PRODUCT_BUNDLE_IDENTIFIER = lv.kisacka.MovieList;
				PRODUCT_NAME = "$(TARGET_NAME)";
				SWIFT_VERSION = 5.0;
				TARGETED_DEVICE_FAMILY = "1,2";
			};
			name = Release;
		};
/* End XCBuildConfiguration section */

/* Begin XCConfigurationList section */
		778931C42500114B00E8D7D2 /* Build configuration list for PBXProject "MovieList" */ = {
			isa = XCConfigurationList;
			buildConfigurations = (
				778931DB2500114D00E8D7D2 /* Debug */,
				778931DC2500114D00E8D7D2 /* Release */,
			);
			defaultConfigurationIsVisible = 0;
			defaultConfigurationName = Release;
		};
		778931DD2500114D00E8D7D2 /* Build configuration list for PBXNativeTarget "MovieList" */ = {
			isa = XCConfigurationList;
			buildConfigurations = (
				778931DE2500114D00E8D7D2 /* Debug */,
				778931DF2500114D00E8D7D2 /* Release */,
			);
			defaultConfigurationIsVisible = 0;
			defaultConfigurationName = Release;
		};
/* End XCConfigurationList section */
	};
	rootObject = 778931C12500114B00E8D7D2 /* Project object */;
}
